<?xml version="1.0" encoding="utf-8"?>
<Project ToolsVersion="4.0" xmlns="http://schemas.microsoft.com/developer/msbuild/2003">
  <ItemGroup>
    <Filter Include="Source Files">
      <UniqueIdentifier>{4FC737F1-C7A5-4376-A066-2A32D752A2FF}</UniqueIdentifier>
      <Extensions>cpp;c;cc;cxx;c++;def;odl;idl;hpj;bat;asm;asmx</Extensions>
    </Filter>
    <Filter Include="Header Files">
      <UniqueIdentifier>{93995380-89BD-4b04-88EB-625FBE52EBFB}</UniqueIdentifier>
      <Extensions>h;hh;hpp;hxx;h++;hm;inl;inc;ipp;xsd</Extensions>
    </Filter>
    <Filter Include="Resource Files">
      <UniqueIdentifier>{67DA6AB6-F800-4c08-8B7A-83BB121AAD01}</UniqueIdentifier>
      <Extensions>rc;ico;cur;bmp;dlg;rc2;rct;bin;rgs;gif;jpg;jpeg;jpe;resx;tiff;tif;png;wav;mfcribbon-ms</Extensions>
    </Filter>
    <Filter Include="Utility">
      <UniqueIdentifier>{8df0c5ed-e0ab-4b76-82a6-4bc3c8157ec9}</UniqueIdentifier>
    </Filter>
    <Filter Include="Events">
      <UniqueIdentifier>{528d7a86-9bef-4fcd-af4d-2074d74b4c68}</UniqueIdentifier>
    </Filter>
    <Filter Include="Components">
      <UniqueIdentifier>{fdd762ca-94c0-4b66-889d-05e04a9ee90c}</UniqueIdentifier>
    </Filter>
    <Filter Include="Systems">
      <UniqueIdentifier>{0b0c756c-e62a-4139-aa55-380d21e2ddfd}</UniqueIdentifier>
    </Filter>
    <Filter Include="Logic">
      <UniqueIdentifier>{23ac6c9c-af32-490c-99e4-ae745ad0f994}</UniqueIdentifier>
    </Filter>
  </ItemGroup>
  <ItemGroup>
    <ClCompile Include="JamOneDeath.cpp">
      <Filter>Source Files</Filter>
    </ClCompile>
    <ClCompile Include="EventHandler.cpp">
      <Filter>Utility</Filter>
    </ClCompile>
    <ClCompile Include="Sim.cpp">
      <Filter>Source Files</Filter>
    </ClCompile>
    <ClCompile Include="Entity.cpp">
      <Filter>Source Files</Filter>
    </ClCompile>
    <ClCompile Include="ComponentBase.cpp">
      <Filter>Components</Filter>
    </ClCompile>
    <ClCompile Include="RenderSystem.cpp">
      <Filter>Systems</Filter>
    </ClCompile>
    <ClCompile Include="BehaviorSystem.cpp">
      <Filter>Systems</Filter>
    </ClCompile>
    <ClCompile Include="TestLogic.cpp">
      <Filter>Source Files</Filter>
    </ClCompile>
    <ClCompile Include="LogicBase.cpp">
      <Filter>Logic</Filter>
    </ClCompile>
  </ItemGroup>
  <ItemGroup>
    <ClInclude Include="AutoList.h">
      <Filter>Utility</Filter>
    </ClInclude>
    <ClInclude Include="EventHandler.h">
      <Filter>Utility</Filter>
    </ClInclude>
    <ClInclude Include="EventBase.h">
      <Filter>Events</Filter>
    </ClInclude>
    <ClInclude Include="Sim.h">
      <Filter>Header Files</Filter>
    </ClInclude>
    <ClInclude Include="Globals.h">
      <Filter>Header Files</Filter>
    </ClInclude>
    <ClInclude Include="ISystem.h">
      <Filter>Systems</Filter>
    </ClInclude>
    <ClInclude Include="ComponentBase.h">
      <Filter>Components</Filter>
    </ClInclude>
    <ClInclude Include="Entity.h">
      <Filter>Header Files</Filter>
    </ClInclude>
    <ClInclude Include="RenderComponent.h">
      <Filter>Components</Filter>
    </ClInclude>
    <ClInclude Include="RenderSystem.h">
      <Filter>Systems</Filter>
    </ClInclude>
    <ClInclude Include="Components.h">
      <Filter>Components</Filter>
    </ClInclude>
    <ClInclude Include="Systems.h">
      <Filter>Systems</Filter>
    </ClInclude>
    <ClInclude Include="BehaviorComponent.h">
      <Filter>Components</Filter>
    </ClInclude>
    <ClInclude Include="BehaviorSystem.h">
      <Filter>Systems</Filter>
    </ClInclude>
    <ClInclude Include="TestLogic.h">
      <Filter>Logic</Filter>
    </ClInclude>
    <ClInclude Include="LogicBase.h">
      <Filter>Logic</Filter>
    </ClInclude>
  </ItemGroup>
</Project>